
Microsoft Visual Studio Solution File, Format Version 12.00
# Visual Studio Version 16
VisualStudioVersion = 16.0.32228.343
MinimumVisualStudioVersion = 10.0.40219.1
Project("{9A19103F-16F7-4668-BE54-9A1E7A4F7556}") = "API", "API\API.csproj", "{A32D6163-FB95-4389-8068-C4808A544EBE}"
EndProject
Project("{9A19103F-16F7-4668-BE54-9A1E7A4F7556}") = "Application", "Application\Application.csproj", "{AF264BC8-7829-4DE5-A552-0BDC65CD898E}"
EndProject
Project("{9A19103F-16F7-4668-BE54-9A1E7A4F7556}") = "Persistence", "Persistence\Persistence.csproj", "{4E6F85DB-19F9-4C5F-881D-D9001325688A}"
EndProject
Project("{9A19103F-16F7-4668-BE54-9A1E7A4F7556}") = "Domain", "Domain\Domain.csproj", "{96877BE8-1887-4C99-AE61-1C0947212FAE}"
EndProject
Global
	GlobalSection(SolutionConfigurationPlatforms) = preSolution
		Debug|Any CPU = Debug|Any CPU
		Release|Any CPU = Release|Any CPU
	EndGlobalSection
	GlobalSection(ProjectConfigurationPlatforms) = postSolution
		{A32D6163-FB95-4389-8068-C4808A544EBE}.Debug|Any CPU.ActiveCfg = Debug|Any CPU
		{A32D6163-FB95-4389-8068-C4808A544EBE}.Debug|Any CPU.Build.0 = Debug|Any CPU
		{A32D6163-FB95-4389-8068-C4808A544EBE}.Release|Any CPU.ActiveCfg = Release|Any CPU
		{A32D6163-FB95-4389-8068-C4808A544EBE}.Release|Any CPU.Build.0 = Release|Any CPU
		{AF264BC8-7829-4DE5-A552-0BDC65CD898E}.Debug|Any CPU.ActiveCfg = Debug|Any CPU
		{AF264BC8-7829-4DE5-A552-0BDC65CD898E}.Debug|Any CPU.Build.0 = Debug|Any CPU
		{AF264BC8-7829-4DE5-A552-0BDC65CD898E}.Release|Any CPU.ActiveCfg = Release|Any CPU
		{AF264BC8-7829-4DE5-A552-0BDC65CD898E}.Release|Any CPU.Build.0 = Release|Any CPU
		{4E6F85DB-19F9-4C5F-881D-D9001325688A}.Debug|Any CPU.ActiveCfg = Debug|Any CPU
		{4E6F85DB-19F9-4C5F-881D-D9001325688A}.Debug|Any CPU.Build.0 = Debug|Any CPU
		{4E6F85DB-19F9-4C5F-881D-D9001325688A}.Release|Any CPU.ActiveCfg = Release|Any CPU
		{4E6F85DB-19F9-4C5F-881D-D9001325688A}.Release|Any CPU.Build.0 = Release|Any CPU
		{96877BE8-1887-4C99-AE61-1C0947212FAE}.Debug|Any CPU.ActiveCfg = Debug|Any CPU
		{96877BE8-1887-4C99-AE61-1C0947212FAE}.Debug|Any CPU.Build.0 = Debug|Any CPU
		{96877BE8-1887-4C99-AE61-1C0947212FAE}.Release|Any CPU.ActiveCfg = Release|Any CPU
		{96877BE8-1887-4C99-AE61-1C0947212FAE}.Release|Any CPU.Build.0 = Release|Any CPU
	EndGlobalSection
	GlobalSection(SolutionProperties) = preSolution
		HideSolutionNode = FALSE
	EndGlobalSection
	GlobalSection(ExtensibilityGlobals) = postSolution
		SolutionGuid = {6719DD24-AB3B-49DA-A975-18424D5DE57D}
	EndGlobalSection
EndGlobal
